
Microsoft Visual Studio Solution File, Format Version 12.00
# Visual Studio Version 17
VisualStudioVersion = 17.3.32825.248
MinimumVisualStudioVersion = 10.0.40219.1
Project("{FAE04EC0-301F-11D3-BF4B-00C04F79EFBC}") = "E4UsersMVCWebApp", "E4UsersMVCWebApp.csproj", "{0FA571FC-62EA-4BBD-9A3F-96349BD41CD3}"
EndProject
Project("{FAE04EC0-301F-11D3-BF4B-00C04F79EFBC}") = "E4UsersTest", "..\E4UsersTest\E4UsersTest.csproj", "{A2586104-5CF3-4AC9-A1F2-DFA9D7519CD2}"
EndProject
Global
	GlobalSection(SolutionConfigurationPlatforms) = preSolution
		Debug|Any CPU = Debug|Any CPU
		Release|Any CPU = Release|Any CPU
	EndGlobalSection
	GlobalSection(ProjectConfigurationPlatforms) = postSolution
		{0FA571FC-62EA-4BBD-9A3F-96349BD41CD3}.Debug|Any CPU.ActiveCfg = Debug|Any CPU
		{0FA571FC-62EA-4BBD-9A3F-96349BD41CD3}.Debug|Any CPU.Build.0 = Debug|Any CPU
		{0FA571FC-62EA-4BBD-9A3F-96349BD41CD3}.Release|Any CPU.ActiveCfg = Release|Any CPU
		{0FA571FC-62EA-4BBD-9A3F-96349BD41CD3}.Release|Any CPU.Build.0 = Release|Any CPU
		{A2586104-5CF3-4AC9-A1F2-DFA9D7519CD2}.Debug|Any CPU.ActiveCfg = Debug|Any CPU
		{A2586104-5CF3-4AC9-A1F2-DFA9D7519CD2}.Debug|Any CPU.Build.0 = Debug|Any CPU
		{A2586104-5CF3-4AC9-A1F2-DFA9D7519CD2}.Release|Any CPU.ActiveCfg = Release|Any CPU
		{A2586104-5CF3-4AC9-A1F2-DFA9D7519CD2}.Release|Any CPU.Build.0 = Release|Any CPU
	EndGlobalSection
	GlobalSection(SolutionProperties) = preSolution
		HideSolutionNode = FALSE
	EndGlobalSection
	GlobalSection(ExtensibilityGlobals) = postSolution
		SolutionGuid = {9734119B-CBDE-457E-A208-EE2C982BF564}
	EndGlobalSection
EndGlobal
